
Microsoft Visual Studio Solution File, Format Version 12.00
# Visual Studio Version 16
VisualStudioVersion = 16.0.31624.102
MinimumVisualStudioVersion = 10.0.40219.1
Project("{9A19103F-16F7-4668-BE54-9A1E7A4F7556}") = "calculator 1", "calculator 1\calculator 1.csproj", "{5702547A-3441-4C90-8690-1C072BB4201A}"
EndProject
Project("{FAE04EC0-301F-11D3-BF4B-00C04F79EFBC}") = "TestProject1", "TestProject1\TestProject1.csproj", "{55704D88-C4F9-485C-8045-40CB35386142}"
EndProject
Project("{2150E333-8FDC-42A3-9474-1A3956D46DE8}") = "Solution Items", "Solution Items", "{268AE355-97E5-44F8-BD68-BE442C4F5A3B}"
	ProjectSection(SolutionItems) = preProject
		.editorconfig = .editorconfig
	EndProjectSection
EndProject
Global
	GlobalSection(SolutionConfigurationPlatforms) = preSolution
		Debug|Any CPU = Debug|Any CPU
		Release|Any CPU = Release|Any CPU
	EndGlobalSection
	GlobalSection(ProjectConfigurationPlatforms) = postSolution
		{5702547A-3441-4C90-8690-1C072BB4201A}.Debug|Any CPU.ActiveCfg = Debug|Any CPU
		{5702547A-3441-4C90-8690-1C072BB4201A}.Debug|Any CPU.Build.0 = Debug|Any CPU
		{5702547A-3441-4C90-8690-1C072BB4201A}.Release|Any CPU.ActiveCfg = Release|Any CPU
		{5702547A-3441-4C90-8690-1C072BB4201A}.Release|Any CPU.Build.0 = Release|Any CPU
		{55704D88-C4F9-485C-8045-40CB35386142}.Debug|Any CPU.ActiveCfg = Debug|Any CPU
		{55704D88-C4F9-485C-8045-40CB35386142}.Debug|Any CPU.Build.0 = Debug|Any CPU
		{55704D88-C4F9-485C-8045-40CB35386142}.Release|Any CPU.ActiveCfg = Release|Any CPU
		{55704D88-C4F9-485C-8045-40CB35386142}.Release|Any CPU.Build.0 = Release|Any CPU
	EndGlobalSection
	GlobalSection(SolutionProperties) = preSolution
		HideSolutionNode = FALSE
	EndGlobalSection
	GlobalSection(ExtensibilityGlobals) = postSolution
		SolutionGuid = {D0E9CEE8-AF08-401C-A61D-C434E194CE65}
	EndGlobalSection
EndGlobal
