
Microsoft Visual Studio Solution File, Format Version 12.00
# Visual Studio Version 16
VisualStudioVersion = 16.0.31624.102
MinimumVisualStudioVersion = 10.0.40219.1
Project("{FAE04EC0-301F-11D3-BF4B-00C04F79EFBC}") = "calculator 1", "calculator 1\calculator 1.csproj", "{5702547A-3441-4C90-8690-1C072BB4201A}"
EndProject
Global
	GlobalSection(SolutionConfigurationPlatforms) = preSolution
		Debug|Any CPU = Debug|Any CPU
		Release|Any CPU = Release|Any CPU
	EndGlobalSection
	GlobalSection(ProjectConfigurationPlatforms) = postSolution
		{5702547A-3441-4C90-8690-1C072BB4201A}.Debug|Any CPU.ActiveCfg = Debug|Any CPU
		{5702547A-3441-4C90-8690-1C072BB4201A}.Debug|Any CPU.Build.0 = Debug|Any CPU
		{5702547A-3441-4C90-8690-1C072BB4201A}.Release|Any CPU.ActiveCfg = Release|Any CPU
		{5702547A-3441-4C90-8690-1C072BB4201A}.Release|Any CPU.Build.0 = Release|Any CPU
	EndGlobalSection
	GlobalSection(SolutionProperties) = preSolution
		HideSolutionNode = FALSE
	EndGlobalSection
	GlobalSection(ExtensibilityGlobals) = postSolution
		SolutionGuid = {D0E9CEE8-AF08-401C-A61D-C434E194CE65}
	EndGlobalSection
EndGlobal
